
Microsoft Visual Studio Solution File, Format Version 12.00
# Visual Studio Version 16
VisualStudioVersion = 16.0.30611.23
MinimumVisualStudioVersion = 10.0.40219.1
Project("{FAE04EC0-301F-11D3-BF4B-00C04F79EFBC}") = "CodingGame_Fall2020", "CodingGame_Fall2020\CodingGame_Fall2020.csproj", "{E7402477-03C3-400C-BA19-D6481272E6C1}"
EndProject
Global
	GlobalSection(SolutionConfigurationPlatforms) = preSolution
		Debug|Any CPU = Debug|Any CPU
		Release|Any CPU = Release|Any CPU
	EndGlobalSection
	GlobalSection(ProjectConfigurationPlatforms) = postSolution
		{E7402477-03C3-400C-BA19-D6481272E6C1}.Debug|Any CPU.ActiveCfg = Debug|Any CPU
		{E7402477-03C3-400C-BA19-D6481272E6C1}.Debug|Any CPU.Build.0 = Debug|Any CPU
		{E7402477-03C3-400C-BA19-D6481272E6C1}.Release|Any CPU.ActiveCfg = Release|Any CPU
		{E7402477-03C3-400C-BA19-D6481272E6C1}.Release|Any CPU.Build.0 = Release|Any CPU
	EndGlobalSection
	GlobalSection(SolutionProperties) = preSolution
		HideSolutionNode = FALSE
	EndGlobalSection
	GlobalSection(ExtensibilityGlobals) = postSolution
		SolutionGuid = {454F7BF0-41AA-46B9-9525-F0F91860A7C1}
	EndGlobalSection
EndGlobal
